
Microsoft Visual Studio Solution File, Format Version 12.00
# Visual Studio 15
Project("{FAE04EC0-301F-11D3-BF4B-00C04F79EFBC}") = "Unity.Timeline", "Unity.Timeline.csproj", "{0356A858-30A3-67CF-DCDB-FA4D8A57F20B}"
EndProject
Project("{FAE04EC0-301F-11D3-BF4B-00C04F79EFBC}") = "Unity.Timeline.Editor", "Unity.Timeline.Editor.csproj", "{9FCB4954-6AA0-9C0F-0989-173EEF58ECF2}"
EndProject
Project("{FAE04EC0-301F-11D3-BF4B-00C04F79EFBC}") = "Unity.2D.Tilemap.Editor", "Unity.2D.Tilemap.Editor.csproj", "{D59EE37D-53D6-5629-5248-033E37C67546}"
EndProject
Project("{FAE04EC0-301F-11D3-BF4B-00C04F79EFBC}") = "Unity.TextMeshPro.Editor", "Unity.TextMeshPro.Editor.csproj", "{8D2A3FC1-70E6-AA88-D0DA-BE07A9E1EF5E}"
EndProject
Project("{FAE04EC0-301F-11D3-BF4B-00C04F79EFBC}") = "Unity.2D.Aseprite.Editor", "Unity.2D.Aseprite.Editor.csproj", "{896B058B-5692-9CA7-C7F3-46674691056B}"
EndProject
Project("{FAE04EC0-301F-11D3-BF4B-00C04F79EFBC}") = "Unity.VisualScripting.Flow", "Unity.VisualScripting.Flow.csproj", "{63EB1EF3-5D27-D8F8-9666-301340810014}"
EndProject
Project("{FAE04EC0-301F-11D3-BF4B-00C04F79EFBC}") = "UnityEditor.UI", "UnityEditor.UI.csproj", "{52A24289-F3E5-0D24-A15B-8AA7040E72CA}"
EndProject
Project("{FAE04EC0-301F-11D3-BF4B-00C04F79EFBC}") = "Unity.PlasticSCM.Editor", "Unity.PlasticSCM.Editor.csproj", "{F4349015-1917-9B91-B8A8-747A97120763}"
EndProject
Project("{FAE04EC0-301F-11D3-BF4B-00C04F79EFBC}") = "Unity.2D.Psdimporter.Editor", "Unity.2D.Psdimporter.Editor.csproj", "{7B6EDE3D-9FD5-E209-875D-6FF44D013A2D}"
EndProject
Project("{FAE04EC0-301F-11D3-BF4B-00C04F79EFBC}") = "Unity.VisualScripting.Core", "Unity.VisualScripting.Core.csproj", "{C24E4F23-4045-FEB8-F9B8-16AD374F03FB}"
EndProject
Project("{FAE04EC0-301F-11D3-BF4B-00C04F79EFBC}") = "Unity.Mathematics", "Unity.Mathematics.csproj", "{9F2B4A24-13A9-A944-1CD2-F033F15C0CE4}"
EndProject
Project("{FAE04EC0-301F-11D3-BF4B-00C04F79EFBC}") = "Unity.2D.Animation.Editor", "Unity.2D.Animation.Editor.csproj", "{46EE4EBF-E352-3E4D-35B5-02D432FD24D1}"
EndProject
Project("{FAE04EC0-301F-11D3-BF4B-00C04F79EFBC}") = "Unity.2D.Common.Path.Editor", "Unity.2D.Common.Path.Editor.csproj", "{69F0CA45-EE0A-347B-91BD-E46D8D704C97}"
EndProject
Project("{FAE04EC0-301F-11D3-BF4B-00C04F79EFBC}") = "Unity.VisualScripting.Core.Editor", "Unity.VisualScripting.Core.Editor.csproj", "{0EBB4A82-F61B-9D07-C3B6-47DCEBBEAD9F}"
EndProject
Project("{FAE04EC0-301F-11D3-BF4B-00C04F79EFBC}") = "Unity.2D.IK.Runtime", "Unity.2D.IK.Runtime.csproj", "{D3A134C0-9954-59A6-7880-5E8E235B1728}"
EndProject
Project("{FAE04EC0-301F-11D3-BF4B-00C04F79EFBC}") = "Unity.VisualScripting.Flow.Editor", "Unity.VisualScripting.Flow.Editor.csproj", "{1E5950FA-11B2-F893-CBF2-4DB89EECFB7D}"
EndProject
Project("{FAE04EC0-301F-11D3-BF4B-00C04F79EFBC}") = "UnityEditor.TestRunner", "UnityEditor.TestRunner.csproj", "{312DBCAA-C735-08CC-3AFC-542D6ABE7F3D}"
EndProject
Project("{FAE04EC0-301F-11D3-BF4B-00C04F79EFBC}") = "Unity.VisualScripting.SettingsProvider.Editor", "Unity.VisualScripting.SettingsProvider.Editor.csproj", "{9AD67037-7B70-A3C8-C13F-0E756362E38F}"
EndProject
Project("{FAE04EC0-301F-11D3-BF4B-00C04F79EFBC}") = "UnityEngine.TestRunner", "UnityEngine.TestRunner.csproj", "{4673E06C-3DCF-3651-D80C-7282D1E92FF1}"
EndProject
Project("{FAE04EC0-301F-11D3-BF4B-00C04F79EFBC}") = "PsdPlugin", "PsdPlugin.csproj", "{1F2ECD6F-CB2E-1F20-0797-A3C3B59ED8B7}"
EndProject
Project("{FAE04EC0-301F-11D3-BF4B-00C04F79EFBC}") = "Unity.Burst", "Unity.Burst.csproj", "{378C7BBB-E62B-309C-3BD9-E890831CB155}"
EndProject
Project("{FAE04EC0-301F-11D3-BF4B-00C04F79EFBC}") = "UnityEngine.UI", "UnityEngine.UI.csproj", "{183F3DED-22DB-0176-DECC-CC995E934CCD}"
EndProject
Project("{FAE04EC0-301F-11D3-BF4B-00C04F79EFBC}") = "Unity.2D.SpriteShape.Editor", "Unity.2D.SpriteShape.Editor.csproj", "{453A3077-B628-3438-0010-40F7997416A2}"
EndProject
Project("{FAE04EC0-301F-11D3-BF4B-00C04F79EFBC}") = "Unity.Collections", "Unity.Collections.csproj", "{A89D425B-2BD2-7051-56BE-0654F2B926EA}"
EndProject
Project("{FAE04EC0-301F-11D3-BF4B-00C04F79EFBC}") = "Assembly-CSharp", "Assembly-CSharp.csproj", "{61537239-F5BA-1212-8E92-56EDE7785700}"
EndProject
Project("{FAE04EC0-301F-11D3-BF4B-00C04F79EFBC}") = "Unity.VisualStudio.Editor", "Unity.VisualStudio.Editor.csproj", "{B6D1C5F7-6B39-A752-213D-B3D8A5BE1C76}"
EndProject
Project("{FAE04EC0-301F-11D3-BF4B-00C04F79EFBC}") = "Unity.2D.Tilemap.Extras.Editor", "Unity.2D.Tilemap.Extras.Editor.csproj", "{39CE0D47-1638-191A-D182-2E51F1581DEE}"
EndProject
Project("{FAE04EC0-301F-11D3-BF4B-00C04F79EFBC}") = "Unity.Rider.Editor", "Unity.Rider.Editor.csproj", "{7B423C8F-1235-D0F3-5282-9537F8E1C5CC}"
EndProject
Project("{FAE04EC0-301F-11D3-BF4B-00C04F79EFBC}") = "Unity.InternalAPIEditorBridge.001", "Unity.InternalAPIEditorBridge.001.csproj", "{655C9B93-621E-7D8F-0230-D9FE76ED6150}"
EndProject
Project("{FAE04EC0-301F-11D3-BF4B-00C04F79EFBC}") = "Unity.2D.SpriteShape.Runtime", "Unity.2D.SpriteShape.Runtime.csproj", "{80EFD8BC-42B8-4E5A-B2C9-2982F73B9644}"
EndProject
Project("{FAE04EC0-301F-11D3-BF4B-00C04F79EFBC}") = "Unity.VisualScripting.State.Editor", "Unity.VisualScripting.State.Editor.csproj", "{A0A75C78-E467-22E4-71CC-C78A1C27FA18}"
EndProject
Project("{FAE04EC0-301F-11D3-BF4B-00C04F79EFBC}") = "Unity.2D.Animation.Runtime", "Unity.2D.Animation.Runtime.csproj", "{17024CCC-7B29-C852-2CCA-060A191A3BD2}"
EndProject
Project("{FAE04EC0-301F-11D3-BF4B-00C04F79EFBC}") = "Unity.Burst.CodeGen", "Unity.Burst.CodeGen.csproj", "{62712E0B-3EFB-27CD-E536-9EF01896C273}"
EndProject
Project("{FAE04EC0-301F-11D3-BF4B-00C04F79EFBC}") = "Unity.2D.Tilemap.Extras", "Unity.2D.Tilemap.Extras.csproj", "{A37B3631-F03D-3FBA-0D7F-3BC85292A108}"
EndProject
Project("{FAE04EC0-301F-11D3-BF4B-00C04F79EFBC}") = "Unity.VisualScripting.State", "Unity.VisualScripting.State.csproj", "{3766D276-6CC6-D419-733A-55B496D3DFF0}"
EndProject
Project("{FAE04EC0-301F-11D3-BF4B-00C04F79EFBC}") = "Unity.TextMeshPro", "Unity.TextMeshPro.csproj", "{29E2EA39-9A93-F9E8-BA3E-83DB4DC1FE34}"
EndProject
Project("{FAE04EC0-301F-11D3-BF4B-00C04F79EFBC}") = "Unity.2D.Aseprite.Common", "Unity.2D.Aseprite.Common.csproj", "{4A4B1302-8249-6027-E4F8-7308D8333872}"
EndProject
Project("{FAE04EC0-301F-11D3-BF4B-00C04F79EFBC}") = "Unity.2D.IK.Editor", "Unity.2D.IK.Editor.csproj", "{275523F3-5B5B-C1C2-4FC4-13793FE486A0}"
EndProject
Project("{FAE04EC0-301F-11D3-BF4B-00C04F79EFBC}") = "Unity.InternalAPIEngineBridge.001", "Unity.InternalAPIEngineBridge.001.csproj", "{3880E129-9655-6BFA-B32C-C9AAB932C65E}"
EndProject
Project("{FAE04EC0-301F-11D3-BF4B-00C04F79EFBC}") = "Unity.Burst.Editor", "Unity.Burst.Editor.csproj", "{3FBA0B68-4FC5-0EC9-E40C-B704F856C0DE}"
EndProject
Project("{FAE04EC0-301F-11D3-BF4B-00C04F79EFBC}") = "Unity.2D.Common.Editor", "Unity.2D.Common.Editor.csproj", "{0FCCE7DE-2AB3-197B-C103-B6236CCC627A}"
EndProject
Project("{FAE04EC0-301F-11D3-BF4B-00C04F79EFBC}") = "Unity.2D.Sprite.Editor", "Unity.2D.Sprite.Editor.csproj", "{32B28F62-F788-0E20-BE90-111884E4D8F5}"
EndProject
Project("{FAE04EC0-301F-11D3-BF4B-00C04F79EFBC}") = "Unity.2D.PixelPerfect", "Unity.2D.PixelPerfect.csproj", "{72DDEDAB-E398-4E17-4F53-ED94DC7E2D6E}"
EndProject
Project("{FAE04EC0-301F-11D3-BF4B-00C04F79EFBC}") = "Unity.2D.PixelPerfect.Editor", "Unity.2D.PixelPerfect.Editor.csproj", "{26556038-2168-F3FB-47E7-DEB9690909E7}"
EndProject
Project("{FAE04EC0-301F-11D3-BF4B-00C04F79EFBC}") = "Unity.2D.Common.Runtime", "Unity.2D.Common.Runtime.csproj", "{A693B65C-4AA6-2F1E-707A-BBEBC50B9BA5}"
EndProject
Project("{FAE04EC0-301F-11D3-BF4B-00C04F79EFBC}") = "Unity.Mathematics.Editor", "Unity.Mathematics.Editor.csproj", "{3724F89D-DD2B-7AE3-12D8-D3FA3530C0F9}"
EndProject
Project("{FAE04EC0-301F-11D3-BF4B-00C04F79EFBC}") = "Unity.Collections.BurstCompatibilityGen", "Unity.Collections.BurstCompatibilityGen.csproj", "{B193E48E-A59D-017C-392C-38FB28E0902D}"
EndProject
Project("{FAE04EC0-301F-11D3-BF4B-00C04F79EFBC}") = "Unity.InternalAPIEditorBridge.005", "Unity.InternalAPIEditorBridge.005.csproj", "{9AD89DF1-4420-2DB1-D2BF-0AFD6DAF2B17}"
EndProject
Project("{FAE04EC0-301F-11D3-BF4B-00C04F79EFBC}") = "Unity.VisualScripting.Shared.Editor", "Unity.VisualScripting.Shared.Editor.csproj", "{F31B8FB6-33CD-B328-EC28-E270F8292B9A}"
EndProject
Project("{FAE04EC0-301F-11D3-BF4B-00C04F79EFBC}") = "Unity.Collections.DocCodeSamples", "Unity.Collections.DocCodeSamples.csproj", "{C634AF5A-D7BD-E815-4C0A-BDCD2B89194F}"
EndProject
Project("{FAE04EC0-301F-11D3-BF4B-00C04F79EFBC}") = "Unity.CollabProxy.Editor", "Unity.CollabProxy.Editor.csproj", "{EC368551-5E12-6C56-BEF4-F86DF7BB023A}"
EndProject
Project("{FAE04EC0-301F-11D3-BF4B-00C04F79EFBC}") = "Unity.Timeline", "Unity.Timeline.Player.csproj", "{D50896A3-0965-29FD-445C-BF0C5D796F6A}"
EndProject
Project("{FAE04EC0-301F-11D3-BF4B-00C04F79EFBC}") = "Unity.VisualScripting.Flow", "Unity.VisualScripting.Flow.Player.csproj", "{77A1BAF7-C47C-F777-9C66-04DCE44D0EA2}"
EndProject
Project("{FAE04EC0-301F-11D3-BF4B-00C04F79EFBC}") = "Unity.VisualScripting.Core", "Unity.VisualScripting.Core.Player.csproj", "{022654DF-9333-45F5-C0B9-B35F672FE869}"
EndProject
Project("{FAE04EC0-301F-11D3-BF4B-00C04F79EFBC}") = "Unity.Mathematics", "Unity.Mathematics.Player.csproj", "{2F5CA31D-1B02-AF03-8D1D-B1E55F3AD47D}"
EndProject
Project("{FAE04EC0-301F-11D3-BF4B-00C04F79EFBC}") = "Unity.2D.IK.Runtime", "Unity.2D.IK.Runtime.Player.csproj", "{95787C8C-29EF-F638-DA28-D3575C89FA42}"
EndProject
Project("{FAE04EC0-301F-11D3-BF4B-00C04F79EFBC}") = "UnityEngine.TestRunner", "UnityEngine.TestRunner.Player.csproj", "{249F68ED-30F8-C94E-0028-8901C3E998E6}"
EndProject
Project("{FAE04EC0-301F-11D3-BF4B-00C04F79EFBC}") = "Unity.Burst", "Unity.Burst.Player.csproj", "{F3CA4B88-856B-CFD2-C864-20FCF40D75C5}"
EndProject
Project("{FAE04EC0-301F-11D3-BF4B-00C04F79EFBC}") = "UnityEngine.UI", "UnityEngine.UI.Player.csproj", "{E49EC3EA-3965-523C-3E8D-0AE23D97A523}"
EndProject
Project("{FAE04EC0-301F-11D3-BF4B-00C04F79EFBC}") = "Unity.Collections", "Unity.Collections.Player.csproj", "{F55D3E36-742C-C8D1-67A8-A9B15DCDC431}"
EndProject
Project("{FAE04EC0-301F-11D3-BF4B-00C04F79EFBC}") = "Assembly-CSharp", "Assembly-CSharp.Player.csproj", "{D807ECBD-BDD4-87AE-1212-0ABA7579A90B}"
EndProject
Project("{FAE04EC0-301F-11D3-BF4B-00C04F79EFBC}") = "Unity.2D.SpriteShape.Runtime", "Unity.2D.SpriteShape.Runtime.Player.csproj", "{4009B9A2-CBCA-6E1A-A284-5BACDF0E98F5}"
EndProject
Project("{FAE04EC0-301F-11D3-BF4B-00C04F79EFBC}") = "Unity.2D.Animation.Runtime", "Unity.2D.Animation.Runtime.Player.csproj", "{960EC350-49FE-0AA0-9E37-77662D79BFFF}"
EndProject
Project("{FAE04EC0-301F-11D3-BF4B-00C04F79EFBC}") = "Unity.2D.Tilemap.Extras", "Unity.2D.Tilemap.Extras.Player.csproj", "{964C3308-3242-A37D-94E9-7EA518E5502B}"
EndProject
Project("{FAE04EC0-301F-11D3-BF4B-00C04F79EFBC}") = "Unity.VisualScripting.State", "Unity.VisualScripting.State.Player.csproj", "{3273A016-4734-7CC3-94F6-3F1B116BD224}"
EndProject
Project("{FAE04EC0-301F-11D3-BF4B-00C04F79EFBC}") = "Unity.TextMeshPro", "Unity.TextMeshPro.Player.csproj", "{B6E2D1CE-A21F-8C98-2D6C-FDDB5199741D}"
EndProject
Project("{FAE04EC0-301F-11D3-BF4B-00C04F79EFBC}") = "Unity.InternalAPIEngineBridge.001", "Unity.InternalAPIEngineBridge.001.Player.csproj", "{F22FB19B-F820-1474-83AE-D623D4FE9C0A}"
EndProject
Project("{FAE04EC0-301F-11D3-BF4B-00C04F79EFBC}") = "Unity.2D.PixelPerfect", "Unity.2D.PixelPerfect.Player.csproj", "{004A2B2D-1B2D-11D4-1B2A-69660508A06D}"
EndProject
Project("{FAE04EC0-301F-11D3-BF4B-00C04F79EFBC}") = "Unity.2D.Common.Runtime", "Unity.2D.Common.Runtime.Player.csproj", "{8FB61351-CB1A-5C61-20F3-DC2622866896}"
EndProject
Global
	GlobalSection(SolutionConfigurationPlatforms) = preSolution
		Debug|Any CPU = Debug|Any CPU
		Release|Any CPU = Release|Any CPU
	EndGlobalSection
	GlobalSection(ProjectConfigurationPlatforms) = postSolution
		{0356A858-30A3-67CF-DCDB-FA4D8A57F20B}.Debug|Any CPU.ActiveCfg = Debug|Any CPU
		{0356A858-30A3-67CF-DCDB-FA4D8A57F20B}.Debug|Any CPU.Build.0 = Debug|Any CPU
		{0356A858-30A3-67CF-DCDB-FA4D8A57F20B}.Release|Any CPU.ActiveCfg = Release|Any CPU
		{0356A858-30A3-67CF-DCDB-FA4D8A57F20B}.Release|Any CPU.Build.0 = Release|Any CPU
		{9FCB4954-6AA0-9C0F-0989-173EEF58ECF2}.Debug|Any CPU.ActiveCfg = Debug|Any CPU
		{9FCB4954-6AA0-9C0F-0989-173EEF58ECF2}.Debug|Any CPU.Build.0 = Debug|Any CPU
		{9FCB4954-6AA0-9C0F-0989-173EEF58ECF2}.Release|Any CPU.ActiveCfg = Release|Any CPU
		{9FCB4954-6AA0-9C0F-0989-173EEF58ECF2}.Release|Any CPU.Build.0 = Release|Any CPU
		{D59EE37D-53D6-5629-5248-033E37C67546}.Debug|Any CPU.ActiveCfg = Debug|Any CPU
		{D59EE37D-53D6-5629-5248-033E37C67546}.Debug|Any CPU.Build.0 = Debug|Any CPU
		{D59EE37D-53D6-5629-5248-033E37C67546}.Release|Any CPU.ActiveCfg = Release|Any CPU
		{D59EE37D-53D6-5629-5248-033E37C67546}.Release|Any CPU.Build.0 = Release|Any CPU
		{8D2A3FC1-70E6-AA88-D0DA-BE07A9E1EF5E}.Debug|Any CPU.ActiveCfg = Debug|Any CPU
		{8D2A3FC1-70E6-AA88-D0DA-BE07A9E1EF5E}.Debug|Any CPU.Build.0 = Debug|Any CPU
		{8D2A3FC1-70E6-AA88-D0DA-BE07A9E1EF5E}.Release|Any CPU.ActiveCfg = Release|Any CPU
		{8D2A3FC1-70E6-AA88-D0DA-BE07A9E1EF5E}.Release|Any CPU.Build.0 = Release|Any CPU
		{896B058B-5692-9CA7-C7F3-46674691056B}.Debug|Any CPU.ActiveCfg = Debug|Any CPU
		{896B058B-5692-9CA7-C7F3-46674691056B}.Debug|Any CPU.Build.0 = Debug|Any CPU
		{896B058B-5692-9CA7-C7F3-46674691056B}.Release|Any CPU.ActiveCfg = Release|Any CPU
		{896B058B-5692-9CA7-C7F3-46674691056B}.Release|Any CPU.Build.0 = Release|Any CPU
		{63EB1EF3-5D27-D8F8-9666-301340810014}.Debug|Any CPU.ActiveCfg = Debug|Any CPU
		{63EB1EF3-5D27-D8F8-9666-301340810014}.Debug|Any CPU.Build.0 = Debug|Any CPU
		{63EB1EF3-5D27-D8F8-9666-301340810014}.Release|Any CPU.ActiveCfg = Release|Any CPU
		{63EB1EF3-5D27-D8F8-9666-301340810014}.Release|Any CPU.Build.0 = Release|Any CPU
		{52A24289-F3E5-0D24-A15B-8AA7040E72CA}.Debug|Any CPU.ActiveCfg = Debug|Any CPU
		{52A24289-F3E5-0D24-A15B-8AA7040E72CA}.Debug|Any CPU.Build.0 = Debug|Any CPU
		{52A24289-F3E5-0D24-A15B-8AA7040E72CA}.Release|Any CPU.ActiveCfg = Release|Any CPU
		{52A24289-F3E5-0D24-A15B-8AA7040E72CA}.Release|Any CPU.Build.0 = Release|Any CPU
		{F4349015-1917-9B91-B8A8-747A97120763}.Debug|Any CPU.ActiveCfg = Debug|Any CPU
		{F4349015-1917-9B91-B8A8-747A97120763}.Debug|Any CPU.Build.0 = Debug|Any CPU
		{F4349015-1917-9B91-B8A8-747A97120763}.Release|Any CPU.ActiveCfg = Release|Any CPU
		{F4349015-1917-9B91-B8A8-747A97120763}.Release|Any CPU.Build.0 = Release|Any CPU
		{7B6EDE3D-9FD5-E209-875D-6FF44D013A2D}.Debug|Any CPU.ActiveCfg = Debug|Any CPU
		{7B6EDE3D-9FD5-E209-875D-6FF44D013A2D}.Debug|Any CPU.Build.0 = Debug|Any CPU
		{7B6EDE3D-9FD5-E209-875D-6FF44D013A2D}.Release|Any CPU.ActiveCfg = Release|Any CPU
		{7B6EDE3D-9FD5-E209-875D-6FF44D013A2D}.Release|Any CPU.Build.0 = Release|Any CPU
		{C24E4F23-4045-FEB8-F9B8-16AD374F03FB}.Debug|Any CPU.ActiveCfg = Debug|Any CPU
		{C24E4F23-4045-FEB8-F9B8-16AD374F03FB}.Debug|Any CPU.Build.0 = Debug|Any CPU
		{C24E4F23-4045-FEB8-F9B8-16AD374F03FB}.Release|Any CPU.ActiveCfg = Release|Any CPU
		{C24E4F23-4045-FEB8-F9B8-16AD374F03FB}.Release|Any CPU.Build.0 = Release|Any CPU
		{9F2B4A24-13A9-A944-1CD2-F033F15C0CE4}.Debug|Any CPU.ActiveCfg = Debug|Any CPU
		{9F2B4A24-13A9-A944-1CD2-F033F15C0CE4}.Debug|Any CPU.Build.0 = Debug|Any CPU
		{9F2B4A24-13A9-A944-1CD2-F033F15C0CE4}.Release|Any CPU.ActiveCfg = Release|Any CPU
		{9F2B4A24-13A9-A944-1CD2-F033F15C0CE4}.Release|Any CPU.Build.0 = Release|Any CPU
		{46EE4EBF-E352-3E4D-35B5-02D432FD24D1}.Debug|Any CPU.ActiveCfg = Debug|Any CPU
		{46EE4EBF-E352-3E4D-35B5-02D432FD24D1}.Debug|Any CPU.Build.0 = Debug|Any CPU
		{46EE4EBF-E352-3E4D-35B5-02D432FD24D1}.Release|Any CPU.ActiveCfg = Release|Any CPU
		{46EE4EBF-E352-3E4D-35B5-02D432FD24D1}.Release|Any CPU.Build.0 = Release|Any CPU
		{69F0CA45-EE0A-347B-91BD-E46D8D704C97}.Debug|Any CPU.ActiveCfg = Debug|Any CPU
		{69F0CA45-EE0A-347B-91BD-E46D8D704C97}.Debug|Any CPU.Build.0 = Debug|Any CPU
		{69F0CA45-EE0A-347B-91BD-E46D8D704C97}.Release|Any CPU.ActiveCfg = Release|Any CPU
		{69F0CA45-EE0A-347B-91BD-E46D8D704C97}.Release|Any CPU.Build.0 = Release|Any CPU
		{0EBB4A82-F61B-9D07-C3B6-47DCEBBEAD9F}.Debug|Any CPU.ActiveCfg = Debug|Any CPU
		{0EBB4A82-F61B-9D07-C3B6-47DCEBBEAD9F}.Debug|Any CPU.Build.0 = Debug|Any CPU
		{0EBB4A82-F61B-9D07-C3B6-47DCEBBEAD9F}.Release|Any CPU.ActiveCfg = Release|Any CPU
		{0EBB4A82-F61B-9D07-C3B6-47DCEBBEAD9F}.Release|Any CPU.Build.0 = Release|Any CPU
		{D3A134C0-9954-59A6-7880-5E8E235B1728}.Debug|Any CPU.ActiveCfg = Debug|Any CPU
		{D3A134C0-9954-59A6-7880-5E8E235B1728}.Debug|Any CPU.Build.0 = Debug|Any CPU
		{D3A134C0-9954-59A6-7880-5E8E235B1728}.Release|Any CPU.ActiveCfg = Release|Any CPU
		{D3A134C0-9954-59A6-7880-5E8E235B1728}.Release|Any CPU.Build.0 = Release|Any CPU
		{1E5950FA-11B2-F893-CBF2-4DB89EECFB7D}.Debug|Any CPU.ActiveCfg = Debug|Any CPU
		{1E5950FA-11B2-F893-CBF2-4DB89EECFB7D}.Debug|Any CPU.Build.0 = Debug|Any CPU
		{1E5950FA-11B2-F893-CBF2-4DB89EECFB7D}.Release|Any CPU.ActiveCfg = Release|Any CPU
		{1E5950FA-11B2-F893-CBF2-4DB89EECFB7D}.Release|Any CPU.Build.0 = Release|Any CPU
		{312DBCAA-C735-08CC-3AFC-542D6ABE7F3D}.Debug|Any CPU.ActiveCfg = Debug|Any CPU
		{312DBCAA-C735-08CC-3AFC-542D6ABE7F3D}.Debug|Any CPU.Build.0 = Debug|Any CPU
		{312DBCAA-C735-08CC-3AFC-542D6ABE7F3D}.Release|Any CPU.ActiveCfg = Release|Any CPU
		{312DBCAA-C735-08CC-3AFC-542D6ABE7F3D}.Release|Any CPU.Build.0 = Release|Any CPU
		{9AD67037-7B70-A3C8-C13F-0E756362E38F}.Debug|Any CPU.ActiveCfg = Debug|Any CPU
		{9AD67037-7B70-A3C8-C13F-0E756362E38F}.Debug|Any CPU.Build.0 = Debug|Any CPU
		{9AD67037-7B70-A3C8-C13F-0E756362E38F}.Release|Any CPU.ActiveCfg = Release|Any CPU
		{9AD67037-7B70-A3C8-C13F-0E756362E38F}.Release|Any CPU.Build.0 = Release|Any CPU
		{4673E06C-3DCF-3651-D80C-7282D1E92FF1}.Debug|Any CPU.ActiveCfg = Debug|Any CPU
		{4673E06C-3DCF-3651-D80C-7282D1E92FF1}.Debug|Any CPU.Build.0 = Debug|Any CPU
		{4673E06C-3DCF-3651-D80C-7282D1E92FF1}.Release|Any CPU.ActiveCfg = Release|Any CPU
		{4673E06C-3DCF-3651-D80C-7282D1E92FF1}.Release|Any CPU.Build.0 = Release|Any CPU
		{1F2ECD6F-CB2E-1F20-0797-A3C3B59ED8B7}.Debug|Any CPU.ActiveCfg = Debug|Any CPU
		{1F2ECD6F-CB2E-1F20-0797-A3C3B59ED8B7}.Debug|Any CPU.Build.0 = Debug|Any CPU
		{1F2ECD6F-CB2E-1F20-0797-A3C3B59ED8B7}.Release|Any CPU.ActiveCfg = Release|Any CPU
		{1F2ECD6F-CB2E-1F20-0797-A3C3B59ED8B7}.Release|Any CPU.Build.0 = Release|Any CPU
		{378C7BBB-E62B-309C-3BD9-E890831CB155}.Debug|Any CPU.ActiveCfg = Debug|Any CPU
		{378C7BBB-E62B-309C-3BD9-E890831CB155}.Debug|Any CPU.Build.0 = Debug|Any CPU
		{378C7BBB-E62B-309C-3BD9-E890831CB155}.Release|Any CPU.ActiveCfg = Release|Any CPU
		{378C7BBB-E62B-309C-3BD9-E890831CB155}.Release|Any CPU.Build.0 = Release|Any CPU
		{183F3DED-22DB-0176-DECC-CC995E934CCD}.Debug|Any CPU.ActiveCfg = Debug|Any CPU
		{183F3DED-22DB-0176-DECC-CC995E934CCD}.Debug|Any CPU.Build.0 = Debug|Any CPU
		{183F3DED-22DB-0176-DECC-CC995E934CCD}.Release|Any CPU.ActiveCfg = Release|Any CPU
		{183F3DED-22DB-0176-DECC-CC995E934CCD}.Release|Any CPU.Build.0 = Release|Any CPU
		{453A3077-B628-3438-0010-40F7997416A2}.Debug|Any CPU.ActiveCfg = Debug|Any CPU
		{453A3077-B628-3438-0010-40F7997416A2}.Debug|Any CPU.Build.0 = Debug|Any CPU
		{453A3077-B628-3438-0010-40F7997416A2}.Release|Any CPU.ActiveCfg = Release|Any CPU
		{453A3077-B628-3438-0010-40F7997416A2}.Release|Any CPU.Build.0 = Release|Any CPU
		{A89D425B-2BD2-7051-56BE-0654F2B926EA}.Debug|Any CPU.ActiveCfg = Debug|Any CPU
		{A89D425B-2BD2-7051-56BE-0654F2B926EA}.Debug|Any CPU.Build.0 = Debug|Any CPU
		{A89D425B-2BD2-7051-56BE-0654F2B926EA}.Release|Any CPU.ActiveCfg = Release|Any CPU
		{A89D425B-2BD2-7051-56BE-0654F2B926EA}.Release|Any CPU.Build.0 = Release|Any CPU
		{61537239-F5BA-1212-8E92-56EDE7785700}.Debug|Any CPU.ActiveCfg = Debug|Any CPU
		{61537239-F5BA-1212-8E92-56EDE7785700}.Debug|Any CPU.Build.0 = Debug|Any CPU
		{61537239-F5BA-1212-8E92-56EDE7785700}.Release|Any CPU.ActiveCfg = Release|Any CPU
		{61537239-F5BA-1212-8E92-56EDE7785700}.Release|Any CPU.Build.0 = Release|Any CPU
		{B6D1C5F7-6B39-A752-213D-B3D8A5BE1C76}.Debug|Any CPU.ActiveCfg = Debug|Any CPU
		{B6D1C5F7-6B39-A752-213D-B3D8A5BE1C76}.Debug|Any CPU.Build.0 = Debug|Any CPU
		{B6D1C5F7-6B39-A752-213D-B3D8A5BE1C76}.Release|Any CPU.ActiveCfg = Release|Any CPU
		{B6D1C5F7-6B39-A752-213D-B3D8A5BE1C76}.Release|Any CPU.Build.0 = Release|Any CPU
		{39CE0D47-1638-191A-D182-2E51F1581DEE}.Debug|Any CPU.ActiveCfg = Debug|Any CPU
		{39CE0D47-1638-191A-D182-2E51F1581DEE}.Debug|Any CPU.Build.0 = Debug|Any CPU
		{39CE0D47-1638-191A-D182-2E51F1581DEE}.Release|Any CPU.ActiveCfg = Release|Any CPU
		{39CE0D47-1638-191A-D182-2E51F1581DEE}.Release|Any CPU.Build.0 = Release|Any CPU
		{7B423C8F-1235-D0F3-5282-9537F8E1C5CC}.Debug|Any CPU.ActiveCfg = Debug|Any CPU
		{7B423C8F-1235-D0F3-5282-9537F8E1C5CC}.Debug|Any CPU.Build.0 = Debug|Any CPU
		{7B423C8F-1235-D0F3-5282-9537F8E1C5CC}.Release|Any CPU.ActiveCfg = Release|Any CPU
		{7B423C8F-1235-D0F3-5282-9537F8E1C5CC}.Release|Any CPU.Build.0 = Release|Any CPU
		{655C9B93-621E-7D8F-0230-D9FE76ED6150}.Debug|Any CPU.ActiveCfg = Debug|Any CPU
		{655C9B93-621E-7D8F-0230-D9FE76ED6150}.Debug|Any CPU.Build.0 = Debug|Any CPU
		{655C9B93-621E-7D8F-0230-D9FE76ED6150}.Release|Any CPU.ActiveCfg = Release|Any CPU
		{655C9B93-621E-7D8F-0230-D9FE76ED6150}.Release|Any CPU.Build.0 = Release|Any CPU
		{80EFD8BC-42B8-4E5A-B2C9-2982F73B9644}.Debug|Any CPU.ActiveCfg = Debug|Any CPU
		{80EFD8BC-42B8-4E5A-B2C9-2982F73B9644}.Debug|Any CPU.Build.0 = Debug|Any CPU
		{80EFD8BC-42B8-4E5A-B2C9-2982F73B9644}.Release|Any CPU.ActiveCfg = Release|Any CPU
		{80EFD8BC-42B8-4E5A-B2C9-2982F73B9644}.Release|Any CPU.Build.0 = Release|Any CPU
		{A0A75C78-E467-22E4-71CC-C78A1C27FA18}.Debug|Any CPU.ActiveCfg = Debug|Any CPU
		{A0A75C78-E467-22E4-71CC-C78A1C27FA18}.Debug|Any CPU.Build.0 = Debug|Any CPU
		{A0A75C78-E467-22E4-71CC-C78A1C27FA18}.Release|Any CPU.ActiveCfg = Release|Any CPU
		{A0A75C78-E467-22E4-71CC-C78A1C27FA18}.Release|Any CPU.Build.0 = Release|Any CPU
		{17024CCC-7B29-C852-2CCA-060A191A3BD2}.Debug|Any CPU.ActiveCfg = Debug|Any CPU
		{17024CCC-7B29-C852-2CCA-060A191A3BD2}.Debug|Any CPU.Build.0 = Debug|Any CPU
		{17024CCC-7B29-C852-2CCA-060A191A3BD2}.Release|Any CPU.ActiveCfg = Release|Any CPU
		{17024CCC-7B29-C852-2CCA-060A191A3BD2}.Release|Any CPU.Build.0 = Release|Any CPU
		{62712E0B-3EFB-27CD-E536-9EF01896C273}.Debug|Any CPU.ActiveCfg = Debug|Any CPU
		{62712E0B-3EFB-27CD-E536-9EF01896C273}.Debug|Any CPU.Build.0 = Debug|Any CPU
		{62712E0B-3EFB-27CD-E536-9EF01896C273}.Release|Any CPU.ActiveCfg = Release|Any CPU
		{62712E0B-3EFB-27CD-E536-9EF01896C273}.Release|Any CPU.Build.0 = Release|Any CPU
		{A37B3631-F03D-3FBA-0D7F-3BC85292A108}.Debug|Any CPU.ActiveCfg = Debug|Any CPU
		{A37B3631-F03D-3FBA-0D7F-3BC85292A108}.Debug|Any CPU.Build.0 = Debug|Any CPU
		{A37B3631-F03D-3FBA-0D7F-3BC85292A108}.Release|Any CPU.ActiveCfg = Release|Any CPU
		{A37B3631-F03D-3FBA-0D7F-3BC85292A108}.Release|Any CPU.Build.0 = Release|Any CPU
		{3766D276-6CC6-D419-733A-55B496D3DFF0}.Debug|Any CPU.ActiveCfg = Debug|Any CPU
		{3766D276-6CC6-D419-733A-55B496D3DFF0}.Debug|Any CPU.Build.0 = Debug|Any CPU
		{3766D276-6CC6-D419-733A-55B496D3DFF0}.Release|Any CPU.ActiveCfg = Release|Any CPU
		{3766D276-6CC6-D419-733A-55B496D3DFF0}.Release|Any CPU.Build.0 = Release|Any CPU
		{29E2EA39-9A93-F9E8-BA3E-83DB4DC1FE34}.Debug|Any CPU.ActiveCfg = Debug|Any CPU
		{29E2EA39-9A93-F9E8-BA3E-83DB4DC1FE34}.Debug|Any CPU.Build.0 = Debug|Any CPU
		{29E2EA39-9A93-F9E8-BA3E-83DB4DC1FE34}.Release|Any CPU.ActiveCfg = Release|Any CPU
		{29E2EA39-9A93-F9E8-BA3E-83DB4DC1FE34}.Release|Any CPU.Build.0 = Release|Any CPU
		{4A4B1302-8249-6027-E4F8-7308D8333872}.Debug|Any CPU.ActiveCfg = Debug|Any CPU
		{4A4B1302-8249-6027-E4F8-7308D8333872}.Debug|Any CPU.Build.0 = Debug|Any CPU
		{4A4B1302-8249-6027-E4F8-7308D8333872}.Release|Any CPU.ActiveCfg = Release|Any CPU
		{4A4B1302-8249-6027-E4F8-7308D8333872}.Release|Any CPU.Build.0 = Release|Any CPU
		{275523F3-5B5B-C1C2-4FC4-13793FE486A0}.Debug|Any CPU.ActiveCfg = Debug|Any CPU
		{275523F3-5B5B-C1C2-4FC4-13793FE486A0}.Debug|Any CPU.Build.0 = Debug|Any CPU
		{275523F3-5B5B-C1C2-4FC4-13793FE486A0}.Release|Any CPU.ActiveCfg = Release|Any CPU
		{275523F3-5B5B-C1C2-4FC4-13793FE486A0}.Release|Any CPU.Build.0 = Release|Any CPU
		{3880E129-9655-6BFA-B32C-C9AAB932C65E}.Debug|Any CPU.ActiveCfg = Debug|Any CPU
		{3880E129-9655-6BFA-B32C-C9AAB932C65E}.Debug|Any CPU.Build.0 = Debug|Any CPU
		{3880E129-9655-6BFA-B32C-C9AAB932C65E}.Release|Any CPU.ActiveCfg = Release|Any CPU
		{3880E129-9655-6BFA-B32C-C9AAB932C65E}.Release|Any CPU.Build.0 = Release|Any CPU
		{3FBA0B68-4FC5-0EC9-E40C-B704F856C0DE}.Debug|Any CPU.ActiveCfg = Debug|Any CPU
		{3FBA0B68-4FC5-0EC9-E40C-B704F856C0DE}.Debug|Any CPU.Build.0 = Debug|Any CPU
		{3FBA0B68-4FC5-0EC9-E40C-B704F856C0DE}.Release|Any CPU.ActiveCfg = Release|Any CPU
		{3FBA0B68-4FC5-0EC9-E40C-B704F856C0DE}.Release|Any CPU.Build.0 = Release|Any CPU
		{0FCCE7DE-2AB3-197B-C103-B6236CCC627A}.Debug|Any CPU.ActiveCfg = Debug|Any CPU
		{0FCCE7DE-2AB3-197B-C103-B6236CCC627A}.Debug|Any CPU.Build.0 = Debug|Any CPU
		{0FCCE7DE-2AB3-197B-C103-B6236CCC627A}.Release|Any CPU.ActiveCfg = Release|Any CPU
		{0FCCE7DE-2AB3-197B-C103-B6236CCC627A}.Release|Any CPU.Build.0 = Release|Any CPU
		{32B28F62-F788-0E20-BE90-111884E4D8F5}.Debug|Any CPU.ActiveCfg = Debug|Any CPU
		{32B28F62-F788-0E20-BE90-111884E4D8F5}.Debug|Any CPU.Build.0 = Debug|Any CPU
		{32B28F62-F788-0E20-BE90-111884E4D8F5}.Release|Any CPU.ActiveCfg = Release|Any CPU
		{32B28F62-F788-0E20-BE90-111884E4D8F5}.Release|Any CPU.Build.0 = Release|Any CPU
		{72DDEDAB-E398-4E17-4F53-ED94DC7E2D6E}.Debug|Any CPU.ActiveCfg = Debug|Any CPU
		{72DDEDAB-E398-4E17-4F53-ED94DC7E2D6E}.Debug|Any CPU.Build.0 = Debug|Any CPU
		{72DDEDAB-E398-4E17-4F53-ED94DC7E2D6E}.Release|Any CPU.ActiveCfg = Release|Any CPU
		{72DDEDAB-E398-4E17-4F53-ED94DC7E2D6E}.Release|Any CPU.Build.0 = Release|Any CPU
		{26556038-2168-F3FB-47E7-DEB9690909E7}.Debug|Any CPU.ActiveCfg = Debug|Any CPU
		{26556038-2168-F3FB-47E7-DEB9690909E7}.Debug|Any CPU.Build.0 = Debug|Any CPU
		{26556038-2168-F3FB-47E7-DEB9690909E7}.Release|Any CPU.ActiveCfg = Release|Any CPU
		{26556038-2168-F3FB-47E7-DEB9690909E7}.Release|Any CPU.Build.0 = Release|Any CPU
		{A693B65C-4AA6-2F1E-707A-BBEBC50B9BA5}.Debug|Any CPU.ActiveCfg = Debug|Any CPU
		{A693B65C-4AA6-2F1E-707A-BBEBC50B9BA5}.Debug|Any CPU.Build.0 = Debug|Any CPU
		{A693B65C-4AA6-2F1E-707A-BBEBC50B9BA5}.Release|Any CPU.ActiveCfg = Release|Any CPU
		{A693B65C-4AA6-2F1E-707A-BBEBC50B9BA5}.Release|Any CPU.Build.0 = Release|Any CPU
		{3724F89D-DD2B-7AE3-12D8-D3FA3530C0F9}.Debug|Any CPU.ActiveCfg = Debug|Any CPU
		{3724F89D-DD2B-7AE3-12D8-D3FA3530C0F9}.Debug|Any CPU.Build.0 = Debug|Any CPU
		{3724F89D-DD2B-7AE3-12D8-D3FA3530C0F9}.Release|Any CPU.ActiveCfg = Release|Any CPU
		{3724F89D-DD2B-7AE3-12D8-D3FA3530C0F9}.Release|Any CPU.Build.0 = Release|Any CPU
		{B193E48E-A59D-017C-392C-38FB28E0902D}.Debug|Any CPU.ActiveCfg = Debug|Any CPU
		{B193E48E-A59D-017C-392C-38FB28E0902D}.Debug|Any CPU.Build.0 = Debug|Any CPU
		{B193E48E-A59D-017C-392C-38FB28E0902D}.Release|Any CPU.ActiveCfg = Release|Any CPU
		{B193E48E-A59D-017C-392C-38FB28E0902D}.Release|Any CPU.Build.0 = Release|Any CPU
		{9AD89DF1-4420-2DB1-D2BF-0AFD6DAF2B17}.Debug|Any CPU.ActiveCfg = Debug|Any CPU
		{9AD89DF1-4420-2DB1-D2BF-0AFD6DAF2B17}.Debug|Any CPU.Build.0 = Debug|Any CPU
		{9AD89DF1-4420-2DB1-D2BF-0AFD6DAF2B17}.Release|Any CPU.ActiveCfg = Release|Any CPU
		{9AD89DF1-4420-2DB1-D2BF-0AFD6DAF2B17}.Release|Any CPU.Build.0 = Release|Any CPU
		{F31B8FB6-33CD-B328-EC28-E270F8292B9A}.Debug|Any CPU.ActiveCfg = Debug|Any CPU
		{F31B8FB6-33CD-B328-EC28-E270F8292B9A}.Debug|Any CPU.Build.0 = Debug|Any CPU
		{F31B8FB6-33CD-B328-EC28-E270F8292B9A}.Release|Any CPU.ActiveCfg = Release|Any CPU
		{F31B8FB6-33CD-B328-EC28-E270F8292B9A}.Release|Any CPU.Build.0 = Release|Any CPU
		{C634AF5A-D7BD-E815-4C0A-BDCD2B89194F}.Debug|Any CPU.ActiveCfg = Debug|Any CPU
		{C634AF5A-D7BD-E815-4C0A-BDCD2B89194F}.Debug|Any CPU.Build.0 = Debug|Any CPU
		{C634AF5A-D7BD-E815-4C0A-BDCD2B89194F}.Release|Any CPU.ActiveCfg = Release|Any CPU
		{C634AF5A-D7BD-E815-4C0A-BDCD2B89194F}.Release|Any CPU.Build.0 = Release|Any CPU
		{EC368551-5E12-6C56-BEF4-F86DF7BB023A}.Debug|Any CPU.ActiveCfg = Debug|Any CPU
		{EC368551-5E12-6C56-BEF4-F86DF7BB023A}.Debug|Any CPU.Build.0 = Debug|Any CPU
		{EC368551-5E12-6C56-BEF4-F86DF7BB023A}.Release|Any CPU.ActiveCfg = Release|Any CPU
		{EC368551-5E12-6C56-BEF4-F86DF7BB023A}.Release|Any CPU.Build.0 = Release|Any CPU
		{D50896A3-0965-29FD-445C-BF0C5D796F6A}.Debug|Any CPU.ActiveCfg = Debug|Any CPU
		{D50896A3-0965-29FD-445C-BF0C5D796F6A}.Debug|Any CPU.Build.0 = Debug|Any CPU
		{D50896A3-0965-29FD-445C-BF0C5D796F6A}.Release|Any CPU.ActiveCfg = Release|Any CPU
		{D50896A3-0965-29FD-445C-BF0C5D796F6A}.Release|Any CPU.Build.0 = Release|Any CPU
		{77A1BAF7-C47C-F777-9C66-04DCE44D0EA2}.Debug|Any CPU.ActiveCfg = Debug|Any CPU
		{77A1BAF7-C47C-F777-9C66-04DCE44D0EA2}.Debug|Any CPU.Build.0 = Debug|Any CPU
		{77A1BAF7-C47C-F777-9C66-04DCE44D0EA2}.Release|Any CPU.ActiveCfg = Release|Any CPU
		{77A1BAF7-C47C-F777-9C66-04DCE44D0EA2}.Release|Any CPU.Build.0 = Release|Any CPU
		{022654DF-9333-45F5-C0B9-B35F672FE869}.Debug|Any CPU.ActiveCfg = Debug|Any CPU
		{022654DF-9333-45F5-C0B9-B35F672FE869}.Debug|Any CPU.Build.0 = Debug|Any CPU
		{022654DF-9333-45F5-C0B9-B35F672FE869}.Release|Any CPU.ActiveCfg = Release|Any CPU
		{022654DF-9333-45F5-C0B9-B35F672FE869}.Release|Any CPU.Build.0 = Release|Any CPU
		{2F5CA31D-1B02-AF03-8D1D-B1E55F3AD47D}.Debug|Any CPU.ActiveCfg = Debug|Any CPU
		{2F5CA31D-1B02-AF03-8D1D-B1E55F3AD47D}.Debug|Any CPU.Build.0 = Debug|Any CPU
		{2F5CA31D-1B02-AF03-8D1D-B1E55F3AD47D}.Release|Any CPU.ActiveCfg = Release|Any CPU
		{2F5CA31D-1B02-AF03-8D1D-B1E55F3AD47D}.Release|Any CPU.Build.0 = Release|Any CPU
		{95787C8C-29EF-F638-DA28-D3575C89FA42}.Debug|Any CPU.ActiveCfg = Debug|Any CPU
		{95787C8C-29EF-F638-DA28-D3575C89FA42}.Debug|Any CPU.Build.0 = Debug|Any CPU
		{95787C8C-29EF-F638-DA28-D3575C89FA42}.Release|Any CPU.ActiveCfg = Release|Any CPU
		{95787C8C-29EF-F638-DA28-D3575C89FA42}.Release|Any CPU.Build.0 = Release|Any CPU
		{249F68ED-30F8-C94E-0028-8901C3E998E6}.Debug|Any CPU.ActiveCfg = Debug|Any CPU
		{249F68ED-30F8-C94E-0028-8901C3E998E6}.Debug|Any CPU.Build.0 = Debug|Any CPU
		{249F68ED-30F8-C94E-0028-8901C3E998E6}.Release|Any CPU.ActiveCfg = Release|Any CPU
		{249F68ED-30F8-C94E-0028-8901C3E998E6}.Release|Any CPU.Build.0 = Release|Any CPU
		{F3CA4B88-856B-CFD2-C864-20FCF40D75C5}.Debug|Any CPU.ActiveCfg = Debug|Any CPU
		{F3CA4B88-856B-CFD2-C864-20FCF40D75C5}.Debug|Any CPU.Build.0 = Debug|Any CPU
		{F3CA4B88-856B-CFD2-C864-20FCF40D75C5}.Release|Any CPU.ActiveCfg = Release|Any CPU
		{F3CA4B88-856B-CFD2-C864-20FCF40D75C5}.Release|Any CPU.Build.0 = Release|Any CPU
		{E49EC3EA-3965-523C-3E8D-0AE23D97A523}.Debug|Any CPU.ActiveCfg = Debug|Any CPU
		{E49EC3EA-3965-523C-3E8D-0AE23D97A523}.Debug|Any CPU.Build.0 = Debug|Any CPU
		{E49EC3EA-3965-523C-3E8D-0AE23D97A523}.Release|Any CPU.ActiveCfg = Release|Any CPU
		{E49EC3EA-3965-523C-3E8D-0AE23D97A523}.Release|Any CPU.Build.0 = Release|Any CPU
		{F55D3E36-742C-C8D1-67A8-A9B15DCDC431}.Debug|Any CPU.ActiveCfg = Debug|Any CPU
		{F55D3E36-742C-C8D1-67A8-A9B15DCDC431}.Debug|Any CPU.Build.0 = Debug|Any CPU
		{F55D3E36-742C-C8D1-67A8-A9B15DCDC431}.Release|Any CPU.ActiveCfg = Release|Any CPU
		{F55D3E36-742C-C8D1-67A8-A9B15DCDC431}.Release|Any CPU.Build.0 = Release|Any CPU
		{D807ECBD-BDD4-87AE-1212-0ABA7579A90B}.Debug|Any CPU.ActiveCfg = Debug|Any CPU
		{D807ECBD-BDD4-87AE-1212-0ABA7579A90B}.Debug|Any CPU.Build.0 = Debug|Any CPU
		{D807ECBD-BDD4-87AE-1212-0ABA7579A90B}.Release|Any CPU.ActiveCfg = Release|Any CPU
		{D807ECBD-BDD4-87AE-1212-0ABA7579A90B}.Release|Any CPU.Build.0 = Release|Any CPU
		{4009B9A2-CBCA-6E1A-A284-5BACDF0E98F5}.Debug|Any CPU.ActiveCfg = Debug|Any CPU
		{4009B9A2-CBCA-6E1A-A284-5BACDF0E98F5}.Debug|Any CPU.Build.0 = Debug|Any CPU
		{4009B9A2-CBCA-6E1A-A284-5BACDF0E98F5}.Release|Any CPU.ActiveCfg = Release|Any CPU
		{4009B9A2-CBCA-6E1A-A284-5BACDF0E98F5}.Release|Any CPU.Build.0 = Release|Any CPU
		{960EC350-49FE-0AA0-9E37-77662D79BFFF}.Debug|Any CPU.ActiveCfg = Debug|Any CPU
		{960EC350-49FE-0AA0-9E37-77662D79BFFF}.Debug|Any CPU.Build.0 = Debug|Any CPU
		{960EC350-49FE-0AA0-9E37-77662D79BFFF}.Release|Any CPU.ActiveCfg = Release|Any CPU
		{960EC350-49FE-0AA0-9E37-77662D79BFFF}.Release|Any CPU.Build.0 = Release|Any CPU
		{964C3308-3242-A37D-94E9-7EA518E5502B}.Debug|Any CPU.ActiveCfg = Debug|Any CPU
		{964C3308-3242-A37D-94E9-7EA518E5502B}.Debug|Any CPU.Build.0 = Debug|Any CPU
		{964C3308-3242-A37D-94E9-7EA518E5502B}.Release|Any CPU.ActiveCfg = Release|Any CPU
		{964C3308-3242-A37D-94E9-7EA518E5502B}.Release|Any CPU.Build.0 = Release|Any CPU
		{3273A016-4734-7CC3-94F6-3F1B116BD224}.Debug|Any CPU.ActiveCfg = Debug|Any CPU
		{3273A016-4734-7CC3-94F6-3F1B116BD224}.Debug|Any CPU.Build.0 = Debug|Any CPU
		{3273A016-4734-7CC3-94F6-3F1B116BD224}.Release|Any CPU.ActiveCfg = Release|Any CPU
		{3273A016-4734-7CC3-94F6-3F1B116BD224}.Release|Any CPU.Build.0 = Release|Any CPU
		{B6E2D1CE-A21F-8C98-2D6C-FDDB5199741D}.Debug|Any CPU.ActiveCfg = Debug|Any CPU
		{B6E2D1CE-A21F-8C98-2D6C-FDDB5199741D}.Debug|Any CPU.Build.0 = Debug|Any CPU
		{B6E2D1CE-A21F-8C98-2D6C-FDDB5199741D}.Release|Any CPU.ActiveCfg = Release|Any CPU
		{B6E2D1CE-A21F-8C98-2D6C-FDDB5199741D}.Release|Any CPU.Build.0 = Release|Any CPU
		{F22FB19B-F820-1474-83AE-D623D4FE9C0A}.Debug|Any CPU.ActiveCfg = Debug|Any CPU
		{F22FB19B-F820-1474-83AE-D623D4FE9C0A}.Debug|Any CPU.Build.0 = Debug|Any CPU
		{F22FB19B-F820-1474-83AE-D623D4FE9C0A}.Release|Any CPU.ActiveCfg = Release|Any CPU
		{F22FB19B-F820-1474-83AE-D623D4FE9C0A}.Release|Any CPU.Build.0 = Release|Any CPU
		{004A2B2D-1B2D-11D4-1B2A-69660508A06D}.Debug|Any CPU.ActiveCfg = Debug|Any CPU
		{004A2B2D-1B2D-11D4-1B2A-69660508A06D}.Debug|Any CPU.Build.0 = Debug|Any CPU
		{004A2B2D-1B2D-11D4-1B2A-69660508A06D}.Release|Any CPU.ActiveCfg = Release|Any CPU
		{004A2B2D-1B2D-11D4-1B2A-69660508A06D}.Release|Any CPU.Build.0 = Release|Any CPU
		{8FB61351-CB1A-5C61-20F3-DC2622866896}.Debug|Any CPU.ActiveCfg = Debug|Any CPU
		{8FB61351-CB1A-5C61-20F3-DC2622866896}.Debug|Any CPU.Build.0 = Debug|Any CPU
		{8FB61351-CB1A-5C61-20F3-DC2622866896}.Release|Any CPU.ActiveCfg = Release|Any CPU
		{8FB61351-CB1A-5C61-20F3-DC2622866896}.Release|Any CPU.Build.0 = Release|Any CPU
	EndGlobalSection
	GlobalSection(SolutionProperties) = preSolution
		HideSolutionNode = FALSE
	EndGlobalSection
EndGlobal
